
Microsoft Visual Studio Solution File, Format Version 12.00
# Visual Studio Version 17
VisualStudioVersion = 17.0.31903.59
MinimumVisualStudioVersion = 10.0.40219.1
Project("{2150E333-8FDC-42A3-9474-1A3956D46DE8}") = "src", "src", "{56156A69-2E0D-4BBD-BC7B-66562C5E7F7A}"
EndProject
Project("{FAE04EC0-301F-11D3-BF4B-00C04F79EFBC}") = "eShopRazorPages", "src\eShopRazorPages\eShopRazorPages.csproj", "{A92D7994-3524-4E8C-A2A3-E33541FE501D}"
EndProject
Project("{2150E333-8FDC-42A3-9474-1A3956D46DE8}") = "tests", "tests", "{384CA8A5-5890-4D15-948F-683371412CE1}"
EndProject
Project("{FAE04EC0-301F-11D3-BF4B-00C04F79EFBC}") = "eShopRazorPages.Tests", "tests\eShopRazorPages.Tests\eShopRazorPages.Tests.csproj", "{A526110D-1A35-40AF-A25C-E09D7CE85F2C}"
EndProject
Global
	GlobalSection(SolutionConfigurationPlatforms) = preSolution
		Debug|Any CPU = Debug|Any CPU
		Release|Any CPU = Release|Any CPU
	EndGlobalSection
	GlobalSection(SolutionProperties) = preSolution
		HideSolutionNode = FALSE
	EndGlobalSection
	GlobalSection(ProjectConfigurationPlatforms) = postSolution
		{A92D7994-3524-4E8C-A2A3-E33541FE501D}.Debug|Any CPU.ActiveCfg = Debug|Any CPU
		{A92D7994-3524-4E8C-A2A3-E33541FE501D}.Debug|Any CPU.Build.0 = Debug|Any CPU
		{A92D7994-3524-4E8C-A2A3-E33541FE501D}.Release|Any CPU.ActiveCfg = Release|Any CPU
		{A92D7994-3524-4E8C-A2A3-E33541FE501D}.Release|Any CPU.Build.0 = Release|Any CPU
		{A526110D-1A35-40AF-A25C-E09D7CE85F2C}.Debug|Any CPU.ActiveCfg = Debug|Any CPU
		{A526110D-1A35-40AF-A25C-E09D7CE85F2C}.Debug|Any CPU.Build.0 = Debug|Any CPU
		{A526110D-1A35-40AF-A25C-E09D7CE85F2C}.Release|Any CPU.ActiveCfg = Release|Any CPU
		{A526110D-1A35-40AF-A25C-E09D7CE85F2C}.Release|Any CPU.Build.0 = Release|Any CPU
	EndGlobalSection
	GlobalSection(NestedProjects) = preSolution
		{A92D7994-3524-4E8C-A2A3-E33541FE501D} = {56156A69-2E0D-4BBD-BC7B-66562C5E7F7A}
		{A526110D-1A35-40AF-A25C-E09D7CE85F2C} = {384CA8A5-5890-4D15-948F-683371412CE1}
	EndGlobalSection
EndGlobal
